
Microsoft Visual Studio Solution File, Format Version 12.00
# Visual Studio 2012
Project("{8BC9CEB8-8B4A-11D0-8D11-00A0C91BC942}") = "libwb", "..\libwb\libwb.vcxproj", "{44F969BA-C197-4687-8E00-5895C0CC1814}"
EndProject
Project("{8BC9CEB8-8B4A-11D0-8D11-00A0C91BC942}") = "Device Query", "..\Device Query\Device Query.vcxproj", "{9EB57D0C-E541-4485-B4AD-F3847E4F9EE4}"
	ProjectSection(ProjectDependencies) = postProject
		{44F969BA-C197-4687-8E00-5895C0CC1814} = {44F969BA-C197-4687-8E00-5895C0CC1814}
	EndProjectSection
EndProject
Project("{8BC9CEB8-8B4A-11D0-8D11-00A0C91BC942}") = "Vector Addition", "..\Vector Addition\Vector Addition.vcxproj", "{C348041D-E1F2-434C-907F-17F2BE5226BE}"
	ProjectSection(ProjectDependencies) = postProject
		{44F969BA-C197-4687-8E00-5895C0CC1814} = {44F969BA-C197-4687-8E00-5895C0CC1814}
	EndProjectSection
EndProject
Project("{8BC9CEB8-8B4A-11D0-8D11-00A0C91BC942}") = "Basic Matrix Matrix Multiplication", "..\Basic Matrix Matrix Multiplication\Basic Matrix Matrix Multiplication.vcxproj", "{E9E25EF0-EA68-4604-A61A-AFCB41EE5F27}"
	ProjectSection(ProjectDependencies) = postProject
		{44F969BA-C197-4687-8E00-5895C0CC1814} = {44F969BA-C197-4687-8E00-5895C0CC1814}
	EndProjectSection
EndProject
Project("{8BC9CEB8-8B4A-11D0-8D11-00A0C91BC942}") = "Tiled Matrix Matrix Multiplication", "..\Tiled Matrix Matrix Multiplication\Tiled Matrix Matrix Multiplication.vcxproj", "{980C0E04-8A1E-4A6B-9577-BF9E7EB31C67}"
	ProjectSection(ProjectDependencies) = postProject
		{44F969BA-C197-4687-8E00-5895C0CC1814} = {44F969BA-C197-4687-8E00-5895C0CC1814}
	EndProjectSection
EndProject
Project("{8BC9CEB8-8B4A-11D0-8D11-00A0C91BC942}") = "Image Convolution", "..\Image Convolution\Image Convolution.vcxproj", "{123C340D-C682-4AD8-A07D-3816B68AE40E}"
	ProjectSection(ProjectDependencies) = postProject
		{44F969BA-C197-4687-8E00-5895C0CC1814} = {44F969BA-C197-4687-8E00-5895C0CC1814}
	EndProjectSection
EndProject
Project("{8BC9CEB8-8B4A-11D0-8D11-00A0C91BC942}") = "List Reduction", "..\List Reduction\List Reduction.vcxproj", "{58E30529-8FF0-4BB6-A791-510BED14AC7C}"
	ProjectSection(ProjectDependencies) = postProject
		{44F969BA-C197-4687-8E00-5895C0CC1814} = {44F969BA-C197-4687-8E00-5895C0CC1814}
	EndProjectSection
EndProject
Project("{8BC9CEB8-8B4A-11D0-8D11-00A0C91BC942}") = "List Scan", "..\List Scan\List Scan.vcxproj", "{A3D8EEF5-3D92-4456-B9D7-C544900F61A4}"
EndProject
Project("{8BC9CEB8-8B4A-11D0-8D11-00A0C91BC942}") = "Histograms", "..\Histograms\Histograms.vcxproj", "{A8596C89-C4BF-4FCE-8DA8-80865AFD8F39}"
EndProject
Project("{8BC9CEB8-8B4A-11D0-8D11-00A0C91BC942}") = "Vector Addition With Streams", "..\Vector Addition With Streams\Vector Addition With Streams.vcxproj", "{19266416-36AC-4AC0-A24F-CBC1FB84F3F0}"
EndProject
Project("{8BC9CEB8-8B4A-11D0-8D11-00A0C91BC942}") = "Vector Addition OpenCL", "..\Vector Addition OpenCL\Vector Addition OpenCL.vcxproj", "{0544661F-6676-47E0-8665-501BC3297D76}"
EndProject
Project("{8BC9CEB8-8B4A-11D0-8D11-00A0C91BC942}") = "Vector Addition C++ AMP", "..\Vector Addition C++AMP\Vector Addition C++ AMP.vcxproj", "{E74ABAB0-56D9-428C-8615-B1BA5048542D}"
EndProject
Global
	GlobalSection(SolutionConfigurationPlatforms) = preSolution
		Debug|Win32 = Debug|Win32
		Release|Win32 = Release|Win32
	EndGlobalSection
	GlobalSection(ProjectConfigurationPlatforms) = postSolution
		{44F969BA-C197-4687-8E00-5895C0CC1814}.Debug|Win32.ActiveCfg = Debug|Win32
		{44F969BA-C197-4687-8E00-5895C0CC1814}.Debug|Win32.Build.0 = Debug|Win32
		{44F969BA-C197-4687-8E00-5895C0CC1814}.Release|Win32.ActiveCfg = Release|Win32
		{44F969BA-C197-4687-8E00-5895C0CC1814}.Release|Win32.Build.0 = Release|Win32
		{9EB57D0C-E541-4485-B4AD-F3847E4F9EE4}.Debug|Win32.ActiveCfg = Debug|Win32
		{9EB57D0C-E541-4485-B4AD-F3847E4F9EE4}.Debug|Win32.Build.0 = Debug|Win32
		{9EB57D0C-E541-4485-B4AD-F3847E4F9EE4}.Release|Win32.ActiveCfg = Release|Win32
		{9EB57D0C-E541-4485-B4AD-F3847E4F9EE4}.Release|Win32.Build.0 = Release|Win32
		{C348041D-E1F2-434C-907F-17F2BE5226BE}.Debug|Win32.ActiveCfg = Debug|Win32
		{C348041D-E1F2-434C-907F-17F2BE5226BE}.Debug|Win32.Build.0 = Debug|Win32
		{C348041D-E1F2-434C-907F-17F2BE5226BE}.Release|Win32.ActiveCfg = Release|Win32
		{C348041D-E1F2-434C-907F-17F2BE5226BE}.Release|Win32.Build.0 = Release|Win32
		{E9E25EF0-EA68-4604-A61A-AFCB41EE5F27}.Debug|Win32.ActiveCfg = Debug|Win32
		{E9E25EF0-EA68-4604-A61A-AFCB41EE5F27}.Debug|Win32.Build.0 = Debug|Win32
		{E9E25EF0-EA68-4604-A61A-AFCB41EE5F27}.Release|Win32.ActiveCfg = Release|Win32
		{E9E25EF0-EA68-4604-A61A-AFCB41EE5F27}.Release|Win32.Build.0 = Release|Win32
		{980C0E04-8A1E-4A6B-9577-BF9E7EB31C67}.Debug|Win32.ActiveCfg = Debug|Win32
		{980C0E04-8A1E-4A6B-9577-BF9E7EB31C67}.Debug|Win32.Build.0 = Debug|Win32
		{980C0E04-8A1E-4A6B-9577-BF9E7EB31C67}.Release|Win32.ActiveCfg = Release|Win32
		{980C0E04-8A1E-4A6B-9577-BF9E7EB31C67}.Release|Win32.Build.0 = Release|Win32
		{123C340D-C682-4AD8-A07D-3816B68AE40E}.Debug|Win32.ActiveCfg = Debug|Win32
		{123C340D-C682-4AD8-A07D-3816B68AE40E}.Debug|Win32.Build.0 = Debug|Win32
		{123C340D-C682-4AD8-A07D-3816B68AE40E}.Release|Win32.ActiveCfg = Release|Win32
		{123C340D-C682-4AD8-A07D-3816B68AE40E}.Release|Win32.Build.0 = Release|Win32
		{58E30529-8FF0-4BB6-A791-510BED14AC7C}.Debug|Win32.ActiveCfg = Debug|Win32
		{58E30529-8FF0-4BB6-A791-510BED14AC7C}.Debug|Win32.Build.0 = Debug|Win32
		{58E30529-8FF0-4BB6-A791-510BED14AC7C}.Release|Win32.ActiveCfg = Release|Win32
		{58E30529-8FF0-4BB6-A791-510BED14AC7C}.Release|Win32.Build.0 = Release|Win32
		{A3D8EEF5-3D92-4456-B9D7-C544900F61A4}.Debug|Win32.ActiveCfg = Debug|Win32
		{A3D8EEF5-3D92-4456-B9D7-C544900F61A4}.Debug|Win32.Build.0 = Debug|Win32
		{A3D8EEF5-3D92-4456-B9D7-C544900F61A4}.Release|Win32.ActiveCfg = Release|Win32
		{A3D8EEF5-3D92-4456-B9D7-C544900F61A4}.Release|Win32.Build.0 = Release|Win32
		{A8596C89-C4BF-4FCE-8DA8-80865AFD8F39}.Debug|Win32.ActiveCfg = Debug|Win32
		{A8596C89-C4BF-4FCE-8DA8-80865AFD8F39}.Debug|Win32.Build.0 = Debug|Win32
		{A8596C89-C4BF-4FCE-8DA8-80865AFD8F39}.Release|Win32.ActiveCfg = Release|Win32
		{A8596C89-C4BF-4FCE-8DA8-80865AFD8F39}.Release|Win32.Build.0 = Release|Win32
		{19266416-36AC-4AC0-A24F-CBC1FB84F3F0}.Debug|Win32.ActiveCfg = Debug|Win32
		{19266416-36AC-4AC0-A24F-CBC1FB84F3F0}.Debug|Win32.Build.0 = Debug|Win32
		{19266416-36AC-4AC0-A24F-CBC1FB84F3F0}.Release|Win32.ActiveCfg = Release|Win32
		{19266416-36AC-4AC0-A24F-CBC1FB84F3F0}.Release|Win32.Build.0 = Release|Win32
		{0544661F-6676-47E0-8665-501BC3297D76}.Debug|Win32.ActiveCfg = Debug|Win32
		{0544661F-6676-47E0-8665-501BC3297D76}.Debug|Win32.Build.0 = Debug|Win32
		{0544661F-6676-47E0-8665-501BC3297D76}.Release|Win32.ActiveCfg = Release|Win32
		{0544661F-6676-47E0-8665-501BC3297D76}.Release|Win32.Build.0 = Release|Win32
		{E74ABAB0-56D9-428C-8615-B1BA5048542D}.Debug|Win32.ActiveCfg = Debug|Win32
		{E74ABAB0-56D9-428C-8615-B1BA5048542D}.Debug|Win32.Build.0 = Debug|Win32
		{E74ABAB0-56D9-428C-8615-B1BA5048542D}.Release|Win32.ActiveCfg = Release|Win32
		{E74ABAB0-56D9-428C-8615-B1BA5048542D}.Release|Win32.Build.0 = Release|Win32
	EndGlobalSection
	GlobalSection(SolutionProperties) = preSolution
		HideSolutionNode = FALSE
	EndGlobalSection
EndGlobal
